// !$*UTF8*$!
{
	archiveVersion = 1;
	classes = {
	};
	objectVersion = 77;
	objects = {

/* Begin PBXContainerItemProxy section */
		DD60C55D2E81594300DA4F47 /* PBXContainerItemProxy */ = {
			isa = PBXContainerItemProxy;
			containerPortal = DD60C5472E81594000DA4F47 /* Project object */;
			proxyType = 1;
			remoteGlobalIDString = DD60C54E2E81594000DA4F47;
			remoteInfo = Muslirapro;
		};
		DD60C5672E81594300DA4F47 /* PBXContainerItemProxy */ = {
			isa = PBXContainerItemProxy;
			containerPortal = DD60C5472E81594000DA4F47 /* Project object */;
			proxyType = 1;
			remoteGlobalIDString = DD60C54E2E81594000DA4F47;
			remoteInfo = Muslirapro;
		};
/* End PBXContainerItemProxy section */

/* Begin PBXFileReference section */
		DD60C54F2E81594000DA4F47 /* Muslirapro.app */ = {isa = PBXFileReference; explicitFileType = wrapper.application; includeInIndex = 0; path = Muslirapro.app; sourceTree = BUILT_PRODUCTS_DIR; };
		DD60C55C2E81594300DA4F47 /* MusliraproTests.xctest */ = {isa = PBXFileReference; explicitFileType = wrapper.cfbundle; includeInIndex = 0; path = MusliraproTests.xctest; sourceTree = BUILT_PRODUCTS_DIR; };
		DD60C5662E81594300DA4F47 /* MusliraproUITests.xctest */ = {isa = PBXFileReference; explicitFileType = wrapper.cfbundle; includeInIndex = 0; path = MusliraproUITests.xctest; sourceTree = BUILT_PRODUCTS_DIR; };
/* End PBXFileReference section */

/* Begin PBXFileSystemSynchronizedRootGroup section */
		DD60C5512E81594000DA4F47 /* Muslirapro */ = {
			isa = PBXFileSystemSynchronizedRootGroup;
			path = Muslirapro;
			sourceTree = "<group>";
		};
		DD60C55F2E81594300DA4F47 /* MusliraproTests */ = {
			isa = PBXFileSystemSynchronizedRootGroup;
			path = MusliraproTests;
			sourceTree = "<group>";
		};
		DD60C5692E81594300DA4F47 /* MusliraproUITests */ = {
			isa = PBXFileSystemSynchronizedRootGroup;
			path = MusliraproUITests;
			sourceTree = "<group>";
		};
/* End PBXFileSystemSynchronizedRootGroup section */

/* Begin PBXFrameworksBuildPhase section */
		DD60C54C2E81594000DA4F47 /* Frameworks */ = {
			isa = PBXFrameworksBuildPhase;
			buildActionMask = 2147483647;
			files = (
			);
			runOnlyForDeploymentPostprocessing = 0;
		};
		DD60C5592E81594300DA4F47 /* Frameworks */ = {
			isa = PBXFrameworksBuildPhase;
			buildActionMask = 2147483647;
			files = (
			);
			runOnlyForDeploymentPostprocessing = 0;
		};
		DD60C5632E81594300DA4F47 /* Frameworks */ = {
			isa = PBXFrameworksBuildPhase;
			buildActionMask = 2147483647;
			files = (
			);
			runOnlyForDeploymentPostprocessing = 0;
		};
/* End PBXFrameworksBuildPhase section */

/* Begin PBXGroup section */
		DD60C5462E81594000DA4F47 = {
			isa = PBXGroup;
			children = (
				DD60C5512E81594000DA4F47 /* Muslirapro */,
				DD60C55F2E81594300DA4F47 /* MusliraproTests */,
				DD60C5692E81594300DA4F47 /* MusliraproUITests */,
				DD60C5502E81594000DA4F47 /* Products */,
			);
			sourceTree = "<group>";
		};
		DD60C5502E81594000DA4F47 /* Products */ = {
			isa = PBXGroup;
			children = (
				DD60C54F2E81594000DA4F47 /* Muslirapro.app */,
				DD60C55C2E81594300DA4F47 /* MusliraproTests.xctest */,
				DD60C5662E81594300DA4F47 /* MusliraproUITests.xctest */,
			);
			name = Products;
			sourceTree = "<group>";
		};
/* End PBXGroup section */

/* Begin PBXNativeTarget section */
		DD60C54E2E81594000DA4F47 /* Muslirapro */ = {
			isa = PBXNativeTarget;
			buildConfigurationList = DD60C5702E81594300DA4F47 /* Build configuration list for PBXNativeTarget "Muslirapro" */;
			buildPhases = (
				DD60C54B2E81594000DA4F47 /* Sources */,
				DD60C54C2E81594000DA4F47 /* Frameworks */,
				DD60C54D2E81594000DA4F47 /* Resources */,
			);
			buildRules = (
			);
			dependencies = (
			);
			fileSystemSynchronizedGroups = (
				DD60C5512E81594000DA4F47 /* Muslirapro */,
			);
			name = Muslirapro;
			packageProductDependencies = (
			);
			productName = Muslirapro;
			productReference = DD60C54F2E81594000DA4F47 /* Muslirapro.app */;
			productType = "com.apple.product-type.application";
		};
		DD60C55B2E81594300DA4F47 /* MusliraproTests */ = {
			isa = PBXNativeTarget;
			buildConfigurationList = DD60C5732E81594300DA4F47 /* Build configuration list for PBXNativeTarget "MusliraproTests" */;
			buildPhases = (
				DD60C5582E81594300DA4F47 /* Sources */,
				DD60C5592E81594300DA4F47 /* Frameworks */,
				DD60C55A2E81594300DA4F47 /* Resources */,
			);
			buildRules = (
			);
			dependencies = (
				DD60C55E2E81594300DA4F47 /* PBXTargetDependency */,
			);
			fileSystemSynchronizedGroups = (
				DD60C55F2E81594300DA4F47 /* MusliraproTests */,
			);
			name = MusliraproTests;
			packageProductDependencies = (
			);
			productName = MusliraproTests;
			productReference = DD60C55C2E81594300DA4F47 /* MusliraproTests.xctest */;
			productType = "com.apple.product-type.bundle.unit-test";
		};
		DD60C5652E81594300DA4F47 /* MusliraproUITests */ = {
			isa = PBXNativeTarget;
			buildConfigurationList = DD60C5762E81594300DA4F47 /* Build configuration list for PBXNativeTarget "MusliraproUITests" */;
			buildPhases = (
				DD60C5622E81594300DA4F47 /* Sources */,
				DD60C5632E81594300DA4F47 /* Frameworks */,
				DD60C5642E81594300DA4F47 /* Resources */,
			);
			buildRules = (
			);
			dependencies = (
				DD60C5682E81594300DA4F47 /* PBXTargetDependency */,
			);
			fileSystemSynchronizedGroups = (
				DD60C5692E81594300DA4F47 /* MusliraproUITests */,
			);
			name = MusliraproUITests;
			packageProductDependencies = (
			);
			productName = MusliraproUITests;
			productReference = DD60C5662E81594300DA4F47 /* MusliraproUITests.xctest */;
			productType = "com.apple.product-type.bundle.ui-testing";
		};
/* End PBXNativeTarget section */

/* Begin PBXProject section */
		DD60C5472E81594000DA4F47 /* Project object */ = {
			isa = PBXProject;
			attributes = {
				BuildIndependentTargetsInParallel = 1;
				LastSwiftUpdateCheck = 1640;
				LastUpgradeCheck = 1640;
				TargetAttributes = {
					DD60C54E2E81594000DA4F47 = {
						CreatedOnToolsVersion = 16.4;
					};
					DD60C55B2E81594300DA4F47 = {
						CreatedOnToolsVersion = 16.4;
						TestTargetID = DD60C54E2E81594000DA4F47;
					};
					DD60C5652E81594300DA4F47 = {
						CreatedOnToolsVersion = 16.4;
						TestTargetID = DD60C54E2E81594000DA4F47;
					};
				};
			};
			buildConfigurationList = DD60C54A2E81594000DA4F47 /* Build configuration list for PBXProject "Muslirapro" */;
			developmentRegion = en;
			hasScannedForEncodings = 0;
			knownRegions = (
				en,
				Base,
			);
			mainGroup = DD60C5462E81594000DA4F47;
			minimizedProjectReferenceProxies = 1;
			preferredProjectObjectVersion = 77;
			productRefGroup = DD60C5502E81594000DA4F47 /* Products */;
			projectDirPath = "";
			projectRoot = "";
			targets = (
				DD60C54E2E81594000DA4F47 /* Muslirapro */,
				DD60C55B2E81594300DA4F47 /* MusliraproTests */,
				DD60C5652E81594300DA4F47 /* MusliraproUITests */,
			);
		};
/* End PBXProject section */

/* Begin PBXResourcesBuildPhase section */
		DD60C54D2E81594000DA4F47 /* Resources */ = {
			isa = PBXResourcesBuildPhase;
			buildActionMask = 2147483647;
			files = (
			);
			runOnlyForDeploymentPostprocessing = 0;
		};
		DD60C55A2E81594300DA4F47 /* Resources */ = {
			isa = PBXResourcesBuildPhase;
			buildActionMask = 2147483647;
			files = (
			);
			runOnlyForDeploymentPostprocessing = 0;
		};
		DD60C5642E81594300DA4F47 /* Resources */ = {
			isa = PBXResourcesBuildPhase;
			buildActionMask = 2147483647;
			files = (
			);
			runOnlyForDeploymentPostprocessing = 0;
		};
/* End PBXResourcesBuildPhase section */

/* Begin PBXSourcesBuildPhase section */
		DD60C54B2E81594000DA4F47 /* Sources */ = {
			isa = PBXSourcesBuildPhase;
			buildActionMask = 2147483647;
			files = (
			);
			runOnlyForDeploymentPostprocessing = 0;
		};
		DD60C5582E81594300DA4F47 /* Sources */ = {
			isa = PBXSourcesBuildPhase;
			buildActionMask = 2147483647;
			files = (
			);
			runOnlyForDeploymentPostprocessing = 0;
		};
		DD60C5622E81594300DA4F47 /* Sources */ = {
			isa = PBXSourcesBuildPhase;
			buildActionMask = 2147483647;
			files = (
			);
			runOnlyForDeploymentPostprocessing = 0;
		};
/* End PBXSourcesBuildPhase section */

/* Begin PBXTargetDependency section */
		DD60C55E2E81594300DA4F47 /* PBXTargetDependency */ = {
			isa = PBXTargetDependency;
			target = DD60C54E2E81594000DA4F47 /* Muslirapro */;
			targetProxy = DD60C55D2E81594300DA4F47 /* PBXContainerItemProxy */;
		};
		DD60C5682E81594300DA4F47 /* PBXTargetDependency */ = {
			isa = PBXTargetDependency;
			target = DD60C54E2E81594000DA4F47 /* Muslirapro */;
			targetProxy = DD60C5672E81594300DA4F47 /* PBXContainerItemProxy */;
		};
/* End PBXTargetDependency section */

/* Begin XCBuildConfiguration section */
		DD60C56E2E81594300DA4F47 /* Debug */ = {
			isa = XCBuildConfiguration;
			buildSettings = {
				ALWAYS_SEARCH_USER_PATHS = NO;
				ASSETCATALOG_COMPILER_GENERATE_SWIFT_ASSET_SYMBOL_EXTENSIONS = YES;
				CLANG_ANALYZER_NONNULL = YES;
				CLANG_ANALYZER_NUMBER_OBJECT_CONVERSION = YES_AGGRESSIVE;
				CLANG_CXX_LANGUAGE_STANDARD = "gnu++20";
				CLANG_ENABLE_MODULES = YES;
				CLANG_ENABLE_OBJC_ARC = YES;
				CLANG_ENABLE_OBJC_WEAK = YES;
				CLANG_WARN_BLOCK_CAPTURE_AUTORELEASING = YES;
				CLANG_WARN_BOOL_CONVERSION = YES;
				CLANG_WARN_COMMA = YES;
				CLANG_WARN_CONSTANT_CONVERSION = YES;
				CLANG_WARN_DEPRECATED_OBJC_IMPLEMENTATIONS = YES;
				CLANG_WARN_DIRECT_OBJC_ISA_USAGE = YES_ERROR;
				CLANG_WARN_DOCUMENTATION_COMMENTS = YES;
				CLANG_WARN_EMPTY_BODY = YES;
				CLANG_WARN_ENUM_CONVERSION = YES;
				CLANG_WARN_INFINITE_RECURSION = YES;
				CLANG_WARN_INT_CONVERSION = YES;
				CLANG_WARN_NON_LITERAL_NULL_CONVERSION = YES;
				CLANG_WARN_OBJC_IMPLICIT_RETAIN_SELF = YES;
				CLANG_WARN_OBJC_LITERAL_CONVERSION = YES;
				CLANG_WARN_OBJC_ROOT_CLASS = YES_ERROR;
				CLANG_WARN_QUOTED_INCLUDE_IN_FRAMEWORK_HEADER = YES;
				CLANG_WARN_RANGE_LOOP_ANALYSIS = YES;
				CLANG_WARN_STRICT_PROTOTYPES = YES;
				CLANG_WARN_SUSPICIOUS_MOVE = YES;
				CLANG_WARN_UNGUARDED_AVAILABILITY = YES_AGGRESSIVE;
				CLANG_WARN_UNREACHABLE_CODE = YES;
				CLANG_WARN__DUPLICATE_METHOD_MATCH = YES;
				COPY_PHASE_STRIP = NO;
				DEBUG_INFORMATION_FORMAT = dwarf;
				DEVELOPMENT_TEAM = DLM5ZQAKRX;
				ENABLE_STRICT_OBJC_MSGSEND = YES;
				ENABLE_TESTABILITY = YES;
				ENABLE_USER_SCRIPT_SANDBOXING = YES;
				GCC_C_LANGUAGE_STANDARD = gnu17;
				GCC_DYNAMIC_NO_PIC = NO;
				GCC_NO_COMMON_BLOCKS = YES;
				GCC_OPTIMIZATION_LEVEL = 0;
				GCC_PREPROCESSOR_DEFINITIONS = (
					"DEBUG=1",
					"$(inherited)",
				);
				GCC_WARN_64_TO_32_BIT_CONVERSION = YES;
				GCC_WARN_ABOUT_RETURN_TYPE = YES_ERROR;
				GCC_WARN_UNDECLARED_SELECTOR = YES;
				GCC_WARN_UNINITIALIZED_AUTOS = YES_AGGRESSIVE;
				GCC_WARN_UNUSED_FUNCTION = YES;
				GCC_WARN_UNUSED_VARIABLE = YES;
				IPHONEOS_DEPLOYMENT_TARGET = 18.5;
				LOCALIZATION_PREFERS_STRING_CATALOGS = YES;
				MTL_ENABLE_DEBUG_INFO = INCLUDE_SOURCE;
				MTL_FAST_MATH = YES;
				ONLY_ACTIVE_ARCH = YES;
				SDKROOT = iphoneos;
				SWIFT_ACTIVE_COMPILATION_CONDITIONS = "DEBUG $(inherited)";
				SWIFT_OPTIMIZATION_LEVEL = "-Onone";
			};
			name = Debug;
		};
		DD60C56F2E81594300DA4F47 /* Release */ = {
			isa = XCBuildConfiguration;
			buildSettings = {
				ALWAYS_SEARCH_USER_PATHS = NO;
				ASSETCATALOG_COMPILER_GENERATE_SWIFT_ASSET_SYMBOL_EXTENSIONS = YES;
				CLANG_ANALYZER_NONNULL = YES;
				CLANG_ANALYZER_NUMBER_OBJECT_CONVERSION = YES_AGGRESSIVE;
				CLANG_CXX_LANGUAGE_STANDARD = "gnu++20";
				CLANG_ENABLE_MODULES = YES;
				CLANG_ENABLE_OBJC_ARC = YES;
				CLANG_ENABLE_OBJC_WEAK = YES;
				CLANG_WARN_BLOCK_CAPTURE_AUTORELEASING = YES;
				CLANG_WARN_BOOL_CONVERSION = YES;
				CLANG_WARN_COMMA = YES;
				CLANG_WARN_CONSTANT_CONVERSION = YES;
				CLANG_WARN_DEPRECATED_OBJC_IMPLEMENTATIONS = YES;
				CLANG_WARN_DIRECT_OBJC_ISA_USAGE = YES_ERROR;
				CLANG_WARN_DOCUMENTATION_COMMENTS = YES;
				CLANG_WARN_EMPTY_BODY = YES;
				CLANG_WARN_ENUM_CONVERSION = YES;
				CLANG_WARN_INFINITE_RECURSION = YES;
				CLANG_WARN_INT_CONVERSION = YES;
				CLANG_WARN_NON_LITERAL_NULL_CONVERSION = YES;
				CLANG_WARN_OBJC_IMPLICIT_RETAIN_SELF = YES;
				CLANG_WARN_OBJC_LITERAL_CONVERSION = YES;
				CLANG_WARN_OBJC_ROOT_CLASS = YES_ERROR;
				CLANG_WARN_QUOTED_INCLUDE_IN_FRAMEWORK_HEADER = YES;
				CLANG_WARN_RANGE_LOOP_ANALYSIS = YES;
				CLANG_WARN_STRICT_PROTOTYPES = YES;
				CLANG_WARN_SUSPICIOUS_MOVE = YES;
				CLANG_WARN_UNGUARDED_AVAILABILITY = YES_AGGRESSIVE;
				CLANG_WARN_UNREACHABLE_CODE = YES;
				CLANG_WARN__DUPLICATE_METHOD_MATCH = YES;
				COPY_PHASE_STRIP = NO;
				DEBUG_INFORMATION_FORMAT = "dwarf-with-dsym";
				DEVELOPMENT_TEAM = DLM5ZQAKRX;
				ENABLE_NS_ASSERTIONS = NO;
				ENABLE_STRICT_OBJC_MSGSEND = YES;
				ENABLE_USER_SCRIPT_SANDBOXING = YES;
				GCC_C_LANGUAGE_STANDARD = gnu17;
				GCC_NO_COMMON_BLOCKS = YES;
				GCC_WARN_64_TO_32_BIT_CONVERSION = YES;
				GCC_WARN_ABOUT_RETURN_TYPE = YES_ERROR;
				GCC_WARN_UNDECLARED_SELECTOR = YES;
				GCC_WARN_UNINITIALIZED_AUTOS = YES_AGGRESSIVE;
				GCC_WARN_UNUSED_FUNCTION = YES;
				GCC_WARN_UNUSED_VARIABLE = YES;
				IPHONEOS_DEPLOYMENT_TARGET = 18.5;
				LOCALIZATION_PREFERS_STRING_CATALOGS = YES;
				MTL_ENABLE_DEBUG_INFO = NO;
				MTL_FAST_MATH = YES;
				SDKROOT = iphoneos;
				SWIFT_COMPILATION_MODE = wholemodule;
				VALIDATE_PRODUCT = YES;
			};
			name = Release;
		};
		DD60C5712E81594300DA4F47 /* Debug */ = {
			isa = XCBuildConfiguration;
			buildSettings = {
				ASSETCATALOG_COMPILER_APPICON_NAME = AppIcon;
				ASSETCATALOG_COMPILER_GLOBAL_ACCENT_COLOR_NAME = AccentColor;
				CODE_SIGN_STYLE = Automatic;
				CURRENT_PROJECT_VERSION = 1;
				DEVELOPMENT_TEAM = DLM5ZQAKRX;
				ENABLE_PREVIEWS = YES;
				GENERATE_INFOPLIST_FILE = YES;
				INFOPLIST_KEY_UIApplicationSceneManifest_Generation = YES;
				INFOPLIST_KEY_UIApplicationSupportsIndirectInputEvents = YES;
				INFOPLIST_KEY_UILaunchScreen_Generation = YES;
				INFOPLIST_KEY_UISupportedInterfaceOrientations_iPad = "UIInterfaceOrientationPortrait UIInterfaceOrientationPortraitUpsideDown UIInterfaceOrientationLandscapeLeft UIInterfaceOrientationLandscapeRight";
				INFOPLIST_KEY_UISupportedInterfaceOrientations_iPhone = "UIInterfaceOrientationPortrait UIInterfaceOrientationLandscapeLeft UIInterfaceOrientationLandscapeRight";
				LD_RUNPATH_SEARCH_PATHS = (
					"$(inherited)",
					"@executable_path/Frameworks",
				);
				MARKETING_VERSION = 1.0;
				PRODUCT_BUNDLE_IDENTIFIER = Giloyan.Muslirapro;
				PRODUCT_NAME = "$(TARGET_NAME)";
				SWIFT_EMIT_LOC_STRINGS = YES;
				SWIFT_VERSION = 5.0;
				TARGETED_DEVICE_FAMILY = "1,2";
			};
			name = Debug;
		};
		DD60C5722E81594300DA4F47 /* Release */ = {
			isa = XCBuildConfiguration;
			buildSettings = {
				ASSETCATALOG_COMPILER_APPICON_NAME = AppIcon;
				ASSETCATALOG_COMPILER_GLOBAL_ACCENT_COLOR_NAME = AccentColor;
				CODE_SIGN_STYLE = Automatic;
				CURRENT_PROJECT_VERSION = 1;
				DEVELOPMENT_TEAM = DLM5ZQAKRX;
				ENABLE_PREVIEWS = YES;
				GENERATE_INFOPLIST_FILE = YES;
				INFOPLIST_KEY_UIApplicationSceneManifest_Generation = YES;
				INFOPLIST_KEY_UIApplicationSupportsIndirectInputEvents = YES;
				INFOPLIST_KEY_UILaunchScreen_Generation = YES;
				INFOPLIST_KEY_UISupportedInterfaceOrientations_iPad = "UIInterfaceOrientationPortrait UIInterfaceOrientationPortraitUpsideDown UIInterfaceOrientationLandscapeLeft UIInterfaceOrientationLandscapeRight";
				INFOPLIST_KEY_UISupportedInterfaceOrientations_iPhone = "UIInterfaceOrientationPortrait UIInterfaceOrientationLandscapeLeft UIInterfaceOrientationLandscapeRight";
				LD_RUNPATH_SEARCH_PATHS = (
					"$(inherited)",
					"@executable_path/Frameworks",
				);
				MARKETING_VERSION = 1.0;
				PRODUCT_BUNDLE_IDENTIFIER = Giloyan.Muslirapro;
				PRODUCT_NAME = "$(TARGET_NAME)";
				SWIFT_EMIT_LOC_STRINGS = YES;
				SWIFT_VERSION = 5.0;
				TARGETED_DEVICE_FAMILY = "1,2";
			};
			name = Release;
		};
		DD60C5742E81594300DA4F47 /* Debug */ = {
			isa = XCBuildConfiguration;
			buildSettings = {
				BUNDLE_LOADER = "$(TEST_HOST)";
				CODE_SIGN_STYLE = Automatic;
				CURRENT_PROJECT_VERSION = 1;
				DEVELOPMENT_TEAM = DLM5ZQAKRX;
				GENERATE_INFOPLIST_FILE = YES;
				IPHONEOS_DEPLOYMENT_TARGET = 18.5;
				MARKETING_VERSION = 1.0;
				PRODUCT_BUNDLE_IDENTIFIER = Giloyan.MusliraproTests;
				PRODUCT_NAME = "$(TARGET_NAME)";
				SWIFT_EMIT_LOC_STRINGS = NO;
				SWIFT_VERSION = 5.0;
				TARGETED_DEVICE_FAMILY = "1,2";
				TEST_HOST = "$(BUILT_PRODUCTS_DIR)/Muslirapro.app/$(BUNDLE_EXECUTABLE_FOLDER_PATH)/Muslirapro";
			};
			name = Debug;
		};
		DD60C5752E81594300DA4F47 /* Release */ = {
			isa = XCBuildConfiguration;
			buildSettings = {
				BUNDLE_LOADER = "$(TEST_HOST)";
				CODE_SIGN_STYLE = Automatic;
				CURRENT_PROJECT_VERSION = 1;
				DEVELOPMENT_TEAM = DLM5ZQAKRX;
				GENERATE_INFOPLIST_FILE = YES;
				IPHONEOS_DEPLOYMENT_TARGET = 18.5;
				MARKETING_VERSION = 1.0;
				PRODUCT_BUNDLE_IDENTIFIER = Giloyan.MusliraproTests;
				PRODUCT_NAME = "$(TARGET_NAME)";
				SWIFT_EMIT_LOC_STRINGS = NO;
				SWIFT_VERSION = 5.0;
				TARGETED_DEVICE_FAMILY = "1,2";
				TEST_HOST = "$(BUILT_PRODUCTS_DIR)/Muslirapro.app/$(BUNDLE_EXECUTABLE_FOLDER_PATH)/Muslirapro";
			};
			name = Release;
		};
		DD60C5772E81594300DA4F47 /* Debug */ = {
			isa = XCBuildConfiguration;
			buildSettings = {
				CODE_SIGN_STYLE = Automatic;
				CURRENT_PROJECT_VERSION = 1;
				DEVELOPMENT_TEAM = DLM5ZQAKRX;
				GENERATE_INFOPLIST_FILE = YES;
				MARKETING_VERSION = 1.0;
				PRODUCT_BUNDLE_IDENTIFIER = Giloyan.MusliraproUITests;
				PRODUCT_NAME = "$(TARGET_NAME)";
				SWIFT_EMIT_LOC_STRINGS = NO;
				SWIFT_VERSION = 5.0;
				TARGETED_DEVICE_FAMILY = "1,2";
				TEST_TARGET_NAME = Muslirapro;
			};
			name = Debug;
		};
		DD60C5782E81594300DA4F47 /* Release */ = {
			isa = XCBuildConfiguration;
			buildSettings = {
				CODE_SIGN_STYLE = Automatic;
				CURRENT_PROJECT_VERSION = 1;
				DEVELOPMENT_TEAM = DLM5ZQAKRX;
				GENERATE_INFOPLIST_FILE = YES;
				MARKETING_VERSION = 1.0;
				PRODUCT_BUNDLE_IDENTIFIER = Giloyan.MusliraproUITests;
				PRODUCT_NAME = "$(TARGET_NAME)";
				SWIFT_EMIT_LOC_STRINGS = NO;
				SWIFT_VERSION = 5.0;
				TARGETED_DEVICE_FAMILY = "1,2";
				TEST_TARGET_NAME = Muslirapro;
			};
			name = Release;
		};
/* End XCBuildConfiguration section */

/* Begin XCConfigurationList section */
		DD60C54A2E81594000DA4F47 /* Build configuration list for PBXProject "Muslirapro" */ = {
			isa = XCConfigurationList;
			buildConfigurations = (
				DD60C56E2E81594300DA4F47 /* Debug */,
				DD60C56F2E81594300DA4F47 /* Release */,
			);
			defaultConfigurationIsVisible = 0;
			defaultConfigurationName = Release;
		};
		DD60C5702E81594300DA4F47 /* Build configuration list for PBXNativeTarget "Muslirapro" */ = {
			isa = XCConfigurationList;
			buildConfigurations = (
				DD60C5712E81594300DA4F47 /* Debug */,
				DD60C5722E81594300DA4F47 /* Release */,
			);
			defaultConfigurationIsVisible = 0;
			defaultConfigurationName = Release;
		};
		DD60C5732E81594300DA4F47 /* Build configuration list for PBXNativeTarget "MusliraproTests" */ = {
			isa = XCConfigurationList;
			buildConfigurations = (
				DD60C5742E81594300DA4F47 /* Debug */,
				DD60C5752E81594300DA4F47 /* Release */,
			);
			defaultConfigurationIsVisible = 0;
			defaultConfigurationName = Release;
		};
		DD60C5762E81594300DA4F47 /* Build configuration list for PBXNativeTarget "MusliraproUITests" */ = {
			isa = XCConfigurationList;
			buildConfigurations = (
				DD60C5772E81594300DA4F47 /* Debug */,
				DD60C5782E81594300DA4F47 /* Release */,
			);
			defaultConfigurationIsVisible = 0;
			defaultConfigurationName = Release;
		};
/* End XCConfigurationList section */
	};
	rootObject = DD60C5472E81594000DA4F47 /* Project object */;
}
